
Microsoft Visual Studio Solution File, Format Version 12.00
# Visual Studio Version 16
VisualStudioVersion = 16.0.31129.286
MinimumVisualStudioVersion = 10.0.40219.1
Project("{FAE04EC0-301F-11D3-BF4B-00C04F79EFBC}") = "Northwind", "Northwind\Northwind.csproj", "{E98D55D5-F69B-40A4-AC1A-3DBFCE263C08}"
EndProject
Project("{FAE04EC0-301F-11D3-BF4B-00C04F79EFBC}") = "Business", "Business\Business.csproj", "{C540083A-B811-4981-99C7-67FA086728AB}"
EndProject
Project("{FAE04EC0-301F-11D3-BF4B-00C04F79EFBC}") = "Model", "Model\Model.csproj", "{99C147DF-3A43-46C2-A8B4-E8A3AE2A9D38}"
EndProject
Project("{FAE04EC0-301F-11D3-BF4B-00C04F79EFBC}") = "Repository", "Repository\Repository.csproj", "{9C569F9B-954F-489F-9762-91542D11CC6B}"
EndProject
Project("{FAE04EC0-301F-11D3-BF4B-00C04F79EFBC}") = "Webapi.util", "Webapi.util\Webapi.util.csproj", "{D6607E73-8E13-401E-B51B-3891FB024F81}"
EndProject
Global
	GlobalSection(SolutionConfigurationPlatforms) = preSolution
		Debug|Any CPU = Debug|Any CPU
		Release|Any CPU = Release|Any CPU
	EndGlobalSection
	GlobalSection(ProjectConfigurationPlatforms) = postSolution
		{E98D55D5-F69B-40A4-AC1A-3DBFCE263C08}.Debug|Any CPU.ActiveCfg = Debug|Any CPU
		{E98D55D5-F69B-40A4-AC1A-3DBFCE263C08}.Debug|Any CPU.Build.0 = Debug|Any CPU
		{E98D55D5-F69B-40A4-AC1A-3DBFCE263C08}.Release|Any CPU.ActiveCfg = Release|Any CPU
		{E98D55D5-F69B-40A4-AC1A-3DBFCE263C08}.Release|Any CPU.Build.0 = Release|Any CPU
		{C540083A-B811-4981-99C7-67FA086728AB}.Debug|Any CPU.ActiveCfg = Debug|Any CPU
		{C540083A-B811-4981-99C7-67FA086728AB}.Debug|Any CPU.Build.0 = Debug|Any CPU
		{C540083A-B811-4981-99C7-67FA086728AB}.Release|Any CPU.ActiveCfg = Release|Any CPU
		{C540083A-B811-4981-99C7-67FA086728AB}.Release|Any CPU.Build.0 = Release|Any CPU
		{99C147DF-3A43-46C2-A8B4-E8A3AE2A9D38}.Debug|Any CPU.ActiveCfg = Debug|Any CPU
		{99C147DF-3A43-46C2-A8B4-E8A3AE2A9D38}.Debug|Any CPU.Build.0 = Debug|Any CPU
		{99C147DF-3A43-46C2-A8B4-E8A3AE2A9D38}.Release|Any CPU.ActiveCfg = Release|Any CPU
		{99C147DF-3A43-46C2-A8B4-E8A3AE2A9D38}.Release|Any CPU.Build.0 = Release|Any CPU
		{9C569F9B-954F-489F-9762-91542D11CC6B}.Debug|Any CPU.ActiveCfg = Debug|Any CPU
		{9C569F9B-954F-489F-9762-91542D11CC6B}.Debug|Any CPU.Build.0 = Debug|Any CPU
		{9C569F9B-954F-489F-9762-91542D11CC6B}.Release|Any CPU.ActiveCfg = Release|Any CPU
		{9C569F9B-954F-489F-9762-91542D11CC6B}.Release|Any CPU.Build.0 = Release|Any CPU
		{D6607E73-8E13-401E-B51B-3891FB024F81}.Debug|Any CPU.ActiveCfg = Debug|Any CPU
		{D6607E73-8E13-401E-B51B-3891FB024F81}.Debug|Any CPU.Build.0 = Debug|Any CPU
		{D6607E73-8E13-401E-B51B-3891FB024F81}.Release|Any CPU.ActiveCfg = Release|Any CPU
		{D6607E73-8E13-401E-B51B-3891FB024F81}.Release|Any CPU.Build.0 = Release|Any CPU
	EndGlobalSection
	GlobalSection(SolutionProperties) = preSolution
		HideSolutionNode = FALSE
	EndGlobalSection
	GlobalSection(ExtensibilityGlobals) = postSolution
		SolutionGuid = {4477DB05-3A64-486E-9011-BA0500ABA253}
	EndGlobalSection
EndGlobal
